
Microsoft Visual Studio Solution File, Format Version 12.00
# Visual Studio Version 17
VisualStudioVersion = 17.3.32929.385
MinimumVisualStudioVersion = 10.0.40219.1
Project("{9A19103F-16F7-4668-BE54-9A1E7A4F7556}") = "BRIDGEWebApp", "BRIDGEWebApp.csproj", "{7FF8481D-0BE0-4642-96D7-9A760DEE8679}"
EndProject
Global
	GlobalSection(SolutionConfigurationPlatforms) = preSolution
		Debug|Any CPU = Debug|Any CPU
		Release|Any CPU = Release|Any CPU
	EndGlobalSection
	GlobalSection(ProjectConfigurationPlatforms) = postSolution
		{7FF8481D-0BE0-4642-96D7-9A760DEE8679}.Debug|Any CPU.ActiveCfg = Debug|Any CPU
		{7FF8481D-0BE0-4642-96D7-9A760DEE8679}.Debug|Any CPU.Build.0 = Debug|Any CPU
		{7FF8481D-0BE0-4642-96D7-9A760DEE8679}.Release|Any CPU.ActiveCfg = Release|Any CPU
		{7FF8481D-0BE0-4642-96D7-9A760DEE8679}.Release|Any CPU.Build.0 = Release|Any CPU
	EndGlobalSection
	GlobalSection(SolutionProperties) = preSolution
		HideSolutionNode = FALSE
	EndGlobalSection
	GlobalSection(ExtensibilityGlobals) = postSolution
		SolutionGuid = {C8346061-82DA-4DFF-9062-603FEF5C95CE}
	EndGlobalSection
EndGlobal
